Microsoft Visual Studio Solution File, Format Version 12.00
# Visual Studio Version 17
VisualStudioVersion = 17.5.2.0
MinimumVisualStudioVersion = 10.0.40219.1
Project("{FAE04EC0-301F-11D3-BF4B-00C04F79EFBC}") = "EmptyCsProject", "EmptyCsProject\EmptyCsProject.csproj", "{30AB8B80-E423-992E-0633-D7EAAACDA5FF}"
EndProject
Global
	GlobalSection(SolutionConfigurationPlatforms) = preSolution
		Debug|Any CPU = Debug|Any CPU
		Release|Any CPU = Release|Any CPU
	EndGlobalSection
	GlobalSection(ProjectConfigurationPlatforms) = postSolution
		{30AB8B80-E423-992E-0633-D7EAAACDA5FF}.Debug|Any CPU.ActiveCfg = Debug|Any CPU
		{30AB8B80-E423-992E-0633-D7EAAACDA5FF}.Debug|Any CPU.Build.0 = Debug|Any CPU
		{30AB8B80-E423-992E-0633-D7EAAACDA5FF}.Release|Any CPU.ActiveCfg = Release|Any CPU
		{30AB8B80-E423-992E-0633-D7EAAACDA5FF}.Release|Any CPU.Build.0 = Release|Any CPU
	EndGlobalSection
	GlobalSection(SolutionProperties) = preSolution
		HideSolutionNode = FALSE
	EndGlobalSection
	GlobalSection(ExtensibilityGlobals) = postSolution
		SolutionGuid = {BF444696-8D71-40D2-AF9C-0A9BF164A31D}
	EndGlobalSection
EndGlobal
